<?xml version="1.0" encoding="utf-8"?>
<Project ToolsVersion="4.0" xmlns="http://schemas.microsoft.com/developer/msbuild/2003">
  <ItemGroup>
    <Filter Include="Header Files">
      <UniqueIdentifier>{5183a638-2e07-47f5-942c-b4de966af704}</UniqueIdentifier>
    </Filter>
    <Filter Include="Source Files">
      <UniqueIdentifier>{00da9cb4-68d2-4ede-b33b-24f9ac5ed21d}</UniqueIdentifier>
    </Filter>
  </ItemGroup>
  <ItemGroup>
    <ClInclude Include="source\ball.h">
      <Filter>Header Files</Filter>
    </ClInclude>
    <ClInclude Include="source\BallManager.h">
      <Filter>Header Files</Filter>
    </ClInclude>
    <ClInclude Include="source\baseTypes.h">
      <Filter>Header Files</Filter>
    </ClInclude>
    <ClInclude Include="source\collInfo.h">
      <Filter>Header Files</Filter>
    </ClInclude>
    <ClInclude Include="source\field.h">
      <Filter>Header Files</Filter>
    </ClInclude>
    <ClInclude Include="source\FieldManager.h">
      <Filter>Header Files</Filter>
    </ClInclude>
    <ClInclude Include="source\glut.h">
      <Filter>Header Files</Filter>
    </ClInclude>
    <ClInclude Include="source\InputManager.h">
      <Filter>Header Files</Filter>
    </ClInclude>
    <ClInclude Include="source\Object.h">
      <Filter>Header Files</Filter>
    </ClInclude>
    <ClInclude Include="source\ShapeDraw.h">
      <Filter>Header Files</Filter>
    </ClInclude>
    <ClInclude Include="source\SOIL.h">
      <Filter>Header Files</Filter>
    </ClInclude>
    <ClInclude Include="source\SpriteManager.h">
      <Filter>Header Files</Filter>
    </ClInclude>
    <ClInclude Include="source\GameSprites.h">
      <Filter>Header Files</Filter>
    </ClInclude>
    <ClInclude Include="source\OpenGLFramework.h">
      <Filter>Header Files</Filter>
    </ClInclude>
    <ClInclude Include="source\Game.h">
      <Filter>Header Files</Filter>
    </ClInclude>
    <ClInclude Include="source\OpenGLDrawing.h">
      <Filter>Header Files</Filter>
    </ClInclude>
    <ClInclude Include="source\RandomNumberGenerator.h">
      <Filter>Header Files</Filter>
    </ClInclude>
    <ClInclude Include="source\StateManager.h">
      <Filter>Header Files</Filter>
    </ClInclude>
    <ClInclude Include="source\Player.h">
      <Filter>Header Files</Filter>
    </ClInclude>
    <ClInclude Include="source\Projectile.h">
      <Filter>Header Files</Filter>
    </ClInclude>
    <ClInclude Include="source\ProjectileManager.h">
      <Filter>Header Files</Filter>
    </ClInclude>
    <ClInclude Include="source\Environment.h">
      <Filter>Header Files</Filter>
    </ClInclude>
    <ClInclude Include="source\EnemyManager.h">
      <Filter>Header Files</Filter>
    </ClInclude>
    <ClInclude Include="source\Enemy.h">
      <Filter>Header Files</Filter>
    </ClInclude>
  </ItemGroup>
  <ItemGroup>
    <ClCompile Include="source\ball.cpp">
      <Filter>Source Files</Filter>
    </ClCompile>
    <ClCompile Include="source\BallManager.cpp">
      <Filter>Source Files</Filter>
    </ClCompile>
    <ClCompile Include="source\field.cpp">
      <Filter>Source Files</Filter>
    </ClCompile>
    <ClCompile Include="source\FieldManager.cpp">
      <Filter>Source Files</Filter>
    </ClCompile>
    <ClCompile Include="source\game.cpp">
      <Filter>Source Files</Filter>
    </ClCompile>
    <ClCompile Include="source\InputManager.cpp">
      <Filter>Source Files</Filter>
    </ClCompile>
    <ClCompile Include="source\object.cpp">
      <Filter>Source Files</Filter>
    </ClCompile>
    <ClCompile Include="source\ShapeDraw.cpp">
      <Filter>Source Files</Filter>
    </ClCompile>
    <ClCompile Include="source\GameSprites.cpp">
      <Filter>Source Files</Filter>
    </ClCompile>
    <ClCompile Include="source\OpenGLFramework.cpp">
      <Filter>Source Files</Filter>
    </ClCompile>
    <ClCompile Include="source\OpenGLDrawing.cpp">
      <Filter>Source Files</Filter>
    </ClCompile>
    <ClCompile Include="source\RandomNumberGenerator.cpp">
      <Filter>Source Files</Filter>
    </ClCompile>
    <ClCompile Include="source\StateManager.cpp">
      <Filter>Source Files</Filter>
    </ClCompile>
    <ClCompile Include="source\SpriteManager.cpp">
      <Filter>Source Files</Filter>
    </ClCompile>
    <ClCompile Include="source\Player.cpp">
      <Filter>Source Files</Filter>
    </ClCompile>
    <ClCompile Include="source\Projectile.cpp">
      <Filter>Source Files</Filter>
    </ClCompile>
    <ClCompile Include="source\ProjectileManager.cpp">
      <Filter>Source Files</Filter>
    </ClCompile>
    <ClCompile Include="source\Environment.cpp">
      <Filter>Source Files</Filter>
    </ClCompile>
    <ClCompile Include="source\EnemyManager.cpp">
      <Filter>Source Files</Filter>
    </ClCompile>
  </ItemGroup>
</Project>